
Microsoft Visual Studio Solution File, Format Version 12.00
# Visual Studio Version 16
VisualStudioVersion = 16.0.31613.86
MinimumVisualStudioVersion = 10.0.40219.1
Project("{FAE04EC0-301F-11D3-BF4B-00C04F79EFBC}") = "HelloWorld2", "HelloWorld2.csproj", "{67F95C70-1579-464D-BF68-CEDE094E07D5}"
EndProject
Project("{E53339B2-1760-4266-BCC7-CA923CBCF16C}") = "docker-compose", "docker-compose.dcproj", "{F29BCA58-ABFE-4035-9E0A-F1A3AC3E1245}"
EndProject
Global
	GlobalSection(SolutionConfigurationPlatforms) = preSolution
		Debug|Any CPU = Debug|Any CPU
		Release|Any CPU = Release|Any CPU
	EndGlobalSection
	GlobalSection(ProjectConfigurationPlatforms) = postSolution
		{67F95C70-1579-464D-BF68-CEDE094E07D5}.Debug|Any CPU.ActiveCfg = Debug|Any CPU
		{67F95C70-1579-464D-BF68-CEDE094E07D5}.Debug|Any CPU.Build.0 = Debug|Any CPU
		{67F95C70-1579-464D-BF68-CEDE094E07D5}.Release|Any CPU.ActiveCfg = Release|Any CPU
		{67F95C70-1579-464D-BF68-CEDE094E07D5}.Release|Any CPU.Build.0 = Release|Any CPU
		{F29BCA58-ABFE-4035-9E0A-F1A3AC3E1245}.Debug|Any CPU.ActiveCfg = Debug|Any CPU
		{F29BCA58-ABFE-4035-9E0A-F1A3AC3E1245}.Debug|Any CPU.Build.0 = Debug|Any CPU
		{F29BCA58-ABFE-4035-9E0A-F1A3AC3E1245}.Release|Any CPU.ActiveCfg = Release|Any CPU
		{F29BCA58-ABFE-4035-9E0A-F1A3AC3E1245}.Release|Any CPU.Build.0 = Release|Any CPU
	EndGlobalSection
	GlobalSection(SolutionProperties) = preSolution
		HideSolutionNode = FALSE
	EndGlobalSection
	GlobalSection(ExtensibilityGlobals) = postSolution
		SolutionGuid = {BF26794A-9569-4AC5-8234-B6DD724C91EA}
	EndGlobalSection
EndGlobal
